
Microsoft Visual Studio Solution File, Format Version 11.00
# Visual Studio 2010
Project("{FAE04EC0-301F-11D3-BF4B-00C04F79EFBC}") = "Assembly-CSharp", "Assembly-CSharp.csproj", "{1E14DB9F-8EAB-1982-F8AE-22F8D5263D4E}"
EndProject
Project("{FAE04EC0-301F-11D3-BF4B-00C04F79EFBC}") = "Assembly-CSharp-Editor", "Assembly-CSharp-Editor.csproj", "{3256FBAA-F3C4-DD39-EF85-15B2F02601C6}"
EndProject
Global
	GlobalSection(SolutionConfigurationPlatforms) = preSolution
		Debug|Any CPU = Debug|Any CPU
		Release|Any CPU = Release|Any CPU
	EndGlobalSection
	GlobalSection(ProjectConfigurationPlatforms) = postSolution
		{1E14DB9F-8EAB-1982-F8AE-22F8D5263D4E}.Debug|Any CPU.ActiveCfg = Debug|Any CPU
		{1E14DB9F-8EAB-1982-F8AE-22F8D5263D4E}.Debug|Any CPU.Build.0 = Debug|Any CPU
		{1E14DB9F-8EAB-1982-F8AE-22F8D5263D4E}.Release|Any CPU.ActiveCfg = Release|Any CPU
		{1E14DB9F-8EAB-1982-F8AE-22F8D5263D4E}.Release|Any CPU.Build.0 = Release|Any CPU
		{3256FBAA-F3C4-DD39-EF85-15B2F02601C6}.Debug|Any CPU.ActiveCfg = Debug|Any CPU
		{3256FBAA-F3C4-DD39-EF85-15B2F02601C6}.Debug|Any CPU.Build.0 = Debug|Any CPU
		{3256FBAA-F3C4-DD39-EF85-15B2F02601C6}.Release|Any CPU.ActiveCfg = Release|Any CPU
		{3256FBAA-F3C4-DD39-EF85-15B2F02601C6}.Release|Any CPU.Build.0 = Release|Any CPU
	EndGlobalSection
	GlobalSection(SolutionProperties) = preSolution
		HideSolutionNode = FALSE
	EndGlobalSection
EndGlobal
